
Microsoft Visual Studio Solution File, Format Version 12.00
# Visual Studio Version 16
VisualStudioVersion = 16.0.32413.511
MinimumVisualStudioVersion = 10.0.40219.1
Project("{8BC9CEB8-8B4A-11D0-8D11-00A0C91BC942}") = "18B", "18B\18B.vcxproj", "{A8ADB5A4-4250-401F-9FAD-721C3F860047}"
EndProject
Global
	GlobalSection(SolutionConfigurationPlatforms) = preSolution
		Debug|x64 = Debug|x64
		Debug|x86 = Debug|x86
		Release|x64 = Release|x64
		Release|x86 = Release|x86
	EndGlobalSection
	GlobalSection(ProjectConfigurationPlatforms) = postSolution
		{A8ADB5A4-4250-401F-9FAD-721C3F860047}.Debug|x64.ActiveCfg = Debug|x64
		{A8ADB5A4-4250-401F-9FAD-721C3F860047}.Debug|x64.Build.0 = Debug|x64
		{A8ADB5A4-4250-401F-9FAD-721C3F860047}.Debug|x86.ActiveCfg = Debug|Win32
		{A8ADB5A4-4250-401F-9FAD-721C3F860047}.Debug|x86.Build.0 = Debug|Win32
		{A8ADB5A4-4250-401F-9FAD-721C3F860047}.Release|x64.ActiveCfg = Release|x64
		{A8ADB5A4-4250-401F-9FAD-721C3F860047}.Release|x64.Build.0 = Release|x64
		{A8ADB5A4-4250-401F-9FAD-721C3F860047}.Release|x86.ActiveCfg = Release|Win32
		{A8ADB5A4-4250-401F-9FAD-721C3F860047}.Release|x86.Build.0 = Release|Win32
	EndGlobalSection
	GlobalSection(SolutionProperties) = preSolution
		HideSolutionNode = FALSE
	EndGlobalSection
	GlobalSection(ExtensibilityGlobals) = postSolution
		SolutionGuid = {79C83C0E-AAEF-4E76-9A8D-D02FC1A2C2E9}
	EndGlobalSection
EndGlobal
